
Microsoft Visual Studio Solution File, Format Version 12.00
# Visual Studio Version 17
VisualStudioVersion = 17.12.35707.178
MinimumVisualStudioVersion = 10.0.40219.1
Project("{FAE04EC0-301F-11D3-BF4B-00C04F79EFBC}") = "Exemplo", "Exemplo\Exemplo.csproj", "{8FF5DE69-2616-43E3-A5A2-03D1F429EC3D}"
EndProject
Project("{FAE04EC0-301F-11D3-BF4B-00C04F79EFBC}") = "Exercicios", "Exercicios\Exercicios.csproj", "{9F361659-B6B4-441A-A5B5-FE2EF61CA35C}"
EndProject
Global
	GlobalSection(SolutionConfigurationPlatforms) = preSolution
		Debug|Any CPU = Debug|Any CPU
		Release|Any CPU = Release|Any CPU
	EndGlobalSection
	GlobalSection(ProjectConfigurationPlatforms) = postSolution
		{8FF5DE69-2616-43E3-A5A2-03D1F429EC3D}.Debug|Any CPU.ActiveCfg = Debug|Any CPU
		{8FF5DE69-2616-43E3-A5A2-03D1F429EC3D}.Debug|Any CPU.Build.0 = Debug|Any CPU
		{8FF5DE69-2616-43E3-A5A2-03D1F429EC3D}.Release|Any CPU.ActiveCfg = Release|Any CPU
		{8FF5DE69-2616-43E3-A5A2-03D1F429EC3D}.Release|Any CPU.Build.0 = Release|Any CPU
		{9F361659-B6B4-441A-A5B5-FE2EF61CA35C}.Debug|Any CPU.ActiveCfg = Debug|Any CPU
		{9F361659-B6B4-441A-A5B5-FE2EF61CA35C}.Debug|Any CPU.Build.0 = Debug|Any CPU
		{9F361659-B6B4-441A-A5B5-FE2EF61CA35C}.Release|Any CPU.ActiveCfg = Release|Any CPU
		{9F361659-B6B4-441A-A5B5-FE2EF61CA35C}.Release|Any CPU.Build.0 = Release|Any CPU
	EndGlobalSection
	GlobalSection(SolutionProperties) = preSolution
		HideSolutionNode = FALSE
	EndGlobalSection
EndGlobal
